# This file is automatically @generated by Poetry 1.8.4 and should not be changed by hand.

[[package]]
name = "annotated-types"
version = "0.7.0"
description = "Reusable constraint types to use with typing.Annotated"
optional = false
python-versions = ">=3.8"
files = [
    {file = "annotated_types-0.7.0-py3-none-any.whl", hash = "sha256:1f02e8b43a8fbbc3f3e0d4f0f4bfc8131bcb4eebe8849b8e5c773f3a1c582a53"},
    {file = "annotated_types-0.7.0.tar.gz", hash = "sha256:aff07c09a53a08bc8cfccb9c85b05f1aa9a2a6f23728d790723543408344ce89"},
]

[[package]]
name = "anyio"
version = "4.9.0"
description = "High level compatibility layer for multiple asynchronous event loop implementations"
optional = false
python-versions = ">=3.9"
files = [
    {file = "anyio-4.9.0-py3-none-any.whl", hash = "sha256:9f76d541cad6e36af7beb62e978876f3b41e3e04f2c1fbf0884604c0a9c4d93c"},
    {file = "anyio-4.9.0.tar.gz", hash = "sha256:673c0c244e15788651a4ff38710fea9675823028a6f08a5eda409e0c9840a028"},
]

[package.dependencies]
idna = ">=2.8"
sniffio = ">=1.1"
typing_extensions = {version = ">=4.5", markers = "python_version < \"3.13\""}

[package.extras]
doc = ["Sphinx (>=8.2,<9.0)", "packaging", "sphinx-autodoc-typehints (>=1.2.0)", "sphinx_rtd_theme"]
test = ["anyio[trio]", "blockbuster (>=1.5.23)", "coverage[toml] (>=7)", "exceptiongroup (>=1.2.0)", "hypothesis (>=4.0)", "psutil (>=5.9)", "pytest (>=7.0)", "trustme", "truststore (>=0.9.1)", "uvloop (>=0.21)"]
trio = ["trio (>=0.26.1)"]

[[package]]
name = "astroid"
version = "3.3.9"
description = "An abstract syntax tree for Python with inference support."
optional = false
python-versions = ">=3.9.0"
files = [
    {file = "astroid-3.3.9-py3-none-any.whl", hash = "sha256:d05bfd0acba96a7bd43e222828b7d9bc1e138aaeb0649707908d3702a9831248"},
    {file = "astroid-3.3.9.tar.gz", hash = "sha256:622cc8e3048684aa42c820d9d218978021c3c3d174fb03a9f0d615921744f550"},
]

[[package]]
name = "certifi"
version = "2025.1.31"
description = "Python package for providing Mozilla's CA Bundle."
optional = false
python-versions = ">=3.6"
files = [
    {file = "certifi-2025.1.31-py3-none-any.whl", hash = "sha256:ca78db4565a652026a4db2bcdf68f2fb589ea80d0be70e03929ed730746b84fe"},
    {file = "certifi-2025.1.31.tar.gz", hash = "sha256:3d5da6925056f6f18f119200434a4780a94263f10d1c21d032a6f6b2baa20651"},
]

[[package]]
name = "colorama"
version = "0.4.6"
description = "Cross-platform colored terminal text."
optional = false
python-versions = "!=3.0.*,!=3.1.*,!=3.2.*,!=3.3.*,!=3.4.*,!=3.5.*,!=3.6.*,>=2.7"
files = [
    {file = "colorama-0.4.6-py2.py3-none-any.whl", hash = "sha256:4f1d9991f5acc0ca119f9d443620b77f9d6b33703e51011c16baf57afb285fc6"},
    {file = "colorama-0.4.6.tar.gz", hash = "sha256:08695f5cb7ed6e0531a20572697297273c47b8cae5a63ffc6d6ed5c201be6e44"},
]

[[package]]
name = "coverage"
version = "7.7.1"
description = "Code coverage measurement for Python"
optional = false
python-versions = ">=3.9"
files = [
    {file = "coverage-7.7.1-cp310-cp310-macosx_10_9_x86_64.whl", hash = "sha256:553ba93f8e3c70e1b0031e4dfea36aba4e2b51fe5770db35e99af8dc5c5a9dfe"},
    {file = "coverage-7.7.1-cp310-cp310-macosx_11_0_arm64.whl", hash = "sha256:44683f2556a56c9a6e673b583763096b8efbd2df022b02995609cf8e64fc8ae0"},
    {file = "coverage-7.7.1-cp310-cp310-manylinux_2_17_aarch64.manylinux2014_aarch64.whl", hash = "sha256:02fad4f8faa4153db76f9246bc95c1d99f054f4e0a884175bff9155cf4f856cb"},
    {file = "coverage-7.7.1-cp310-cp310-manylinux_2_5_i686.manylinux1_i686.manylinux_2_17_i686.manylinux2014_i686.whl", hash = "sha256:4c181ceba2e6808ede1e964f7bdc77bd8c7eb62f202c63a48cc541e5ffffccb6"},
    {file = "coverage-7.7.1-cp310-cp310-manylinux_2_5_x86_64.manylinux1_x86_64.manylinux_2_17_x86_64.manylinux2014_x86_64.whl", hash = "sha256:80b5b207a8b08c6a934b214e364cab2fa82663d4af18981a6c0a9e95f8df7602"},
    {file = "coverage-7.7.1-cp310-cp310-musllinux_1_2_aarch64.whl", hash = "sha256:25fe40967717bad0ce628a0223f08a10d54c9d739e88c9cbb0f77b5959367542"},
    {file = "coverage-7.7.1-cp310-cp310-musllinux_1_2_i686.whl", hash = "sha256:881cae0f9cbd928c9c001487bb3dcbfd0b0af3ef53ae92180878591053be0cb3"},
    {file = "coverage-7.7.1-cp310-cp310-musllinux_1_2_x86_64.whl", hash = "sha256:c90e9141e9221dd6fbc16a2727a5703c19443a8d9bf7d634c792fa0287cee1ab"},
    {file = "coverage-7.7.1-cp310-cp310-win32.whl", hash = "sha256:ae13ed5bf5542d7d4a0a42ff5160e07e84adc44eda65ddaa635c484ff8e55917"},
    {file = "coverage-7.7.1-cp310-cp310-win_amd64.whl", hash = "sha256:171e9977c6a5d2b2be9efc7df1126fd525ce7cad0eb9904fe692da007ba90d81"},
    {file = "coverage-7.7.1-cp311-cp311-macosx_10_9_x86_64.whl", hash = "sha256:1165490be0069e34e4f99d08e9c5209c463de11b471709dfae31e2a98cbd49fd"},
    {file = "coverage-7.7.1-cp311-cp311-macosx_11_0_arm64.whl", hash = "sha256:44af11c00fd3b19b8809487630f8a0039130d32363239dfd15238e6d37e41a48"},
    {file = "coverage-7.7.1-cp311-cp311-manylinux_2_17_aarch64.manylinux2014_aarch64.whl", hash = "sha256:fbba59022e7c20124d2f520842b75904c7b9f16c854233fa46575c69949fb5b9"},
    {file = "coverage-7.7.1-cp311-cp311-manylinux_2_5_i686.manylinux1_i686.manylinux_2_17_i686.manylinux2014_i686.whl", hash = "sha256:af94fb80e4f159f4d93fb411800448ad87b6039b0500849a403b73a0d36bb5ae"},
    {file = "coverage-7.7.1-cp311-cp311-manylinux_2_5_x86_64.manylinux1_x86_64.manylinux_2_17_x86_64.manylinux2014_x86_64.whl", hash = "sha256:eae79f8e3501133aa0e220bbc29573910d096795882a70e6f6e6637b09522133"},
    {file = "coverage-7.7.1-cp311-cp311-musllinux_1_2_aarch64.whl", hash = "sha256:e33426a5e1dc7743dd54dfd11d3a6c02c5d127abfaa2edd80a6e352b58347d1a"},
    {file = "coverage-7.7.1-cp311-cp311-musllinux_1_2_i686.whl", hash = "sha256:b559adc22486937786731dac69e57296cb9aede7e2687dfc0d2696dbd3b1eb6b"},
    {file = "coverage-7.7.1-cp311-cp311-musllinux_1_2_x86_64.whl", hash = "sha256:b838a91e84e1773c3436f6cc6996e000ed3ca5721799e7789be18830fad009a2"},
    {file = "coverage-7.7.1-cp311-cp311-win32.whl", hash = "sha256:2c492401bdb3a85824669d6a03f57b3dfadef0941b8541f035f83bbfc39d4282"},
    {file = "coverage-7.7.1-cp311-cp311-win_amd64.whl", hash = "sha256:1e6f867379fd033a0eeabb1be0cffa2bd660582b8b0c9478895c509d875a9d9e"},
    {file = "coverage-7.7.1-cp312-cp312-macosx_10_13_x86_64.whl", hash = "sha256:eff187177d8016ff6addf789dcc421c3db0d014e4946c1cc3fbf697f7852459d"},
    {file = "coverage-7.7.1-cp312-cp312-macosx_11_0_arm64.whl", hash = "sha256:2444fbe1ba1889e0b29eb4d11931afa88f92dc507b7248f45be372775b3cef4f"},
    {file = "coverage-7.7.1-cp312-cp312-manylinux_2_17_aarch64.manylinux2014_aarch64.whl", hash = "sha256:177d837339883c541f8524683e227adcaea581eca6bb33823a2a1fdae4c988e1"},
    {file = "coverage-7.7.1-cp312-cp312-manylinux_2_5_i686.manylinux1_i686.manylinux_2_17_i686.manylinux2014_i686.whl", hash = "sha256:15d54ecef1582b1d3ec6049b20d3c1a07d5e7f85335d8a3b617c9960b4f807e0"},
    {file = "coverage-7.7.1-cp312-cp312-manylinux_2_5_x86_64.manylinux1_x86_64.manylinux_2_17_x86_64.manylinux2014_x86_64.whl", hash = "sha256:75c82b27c56478d5e1391f2e7b2e7f588d093157fa40d53fd9453a471b1191f2"},
    {file = "coverage-7.7.1-cp312-cp312-musllinux_1_2_aarch64.whl", hash = "sha256:315ff74b585110ac3b7ab631e89e769d294f303c6d21302a816b3554ed4c81af"},
    {file = "coverage-7.7.1-cp312-cp312-musllinux_1_2_i686.whl", hash = "sha256:4dd532dac197d68c478480edde74fd4476c6823355987fd31d01ad9aa1e5fb59"},
    {file = "coverage-7.7.1-cp312-cp312-musllinux_1_2_x86_64.whl", hash = "sha256:385618003e3d608001676bb35dc67ae3ad44c75c0395d8de5780af7bb35be6b2"},
    {file = "coverage-7.7.1-cp312-cp312-win32.whl", hash = "sha256:63306486fcb5a827449464f6211d2991f01dfa2965976018c9bab9d5e45a35c8"},
    {file = "coverage-7.7.1-cp312-cp312-win_amd64.whl", hash = "sha256:37351dc8123c154fa05b7579fdb126b9f8b1cf42fd6f79ddf19121b7bdd4aa04"},
    {file = "coverage-7.7.1-cp313-cp313-macosx_10_13_x86_64.whl", hash = "sha256:eebd927b86761a7068a06d3699fd6c20129becf15bb44282db085921ea0f1585"},
    {file = "coverage-7.7.1-cp313-cp313-macosx_11_0_arm64.whl", hash = "sha256:2a79c4a09765d18311c35975ad2eb1ac613c0401afdd9cb1ca4110aeb5dd3c4c"},
    {file = "coverage-7.7.1-cp313-cp313-manylinux_2_17_aarch64.manylinux2014_aarch64.whl", hash = "sha256:8b1c65a739447c5ddce5b96c0a388fd82e4bbdff7251396a70182b1d83631019"},
    {file = "coverage-7.7.1-cp313-cp313-manylinux_2_5_i686.manylinux1_i686.manylinux_2_17_i686.manylinux2014_i686.whl", hash = "sha256:392cc8fd2b1b010ca36840735e2a526fcbd76795a5d44006065e79868cc76ccf"},
    {file = "coverage-7.7.1-cp313-cp313-manylinux_2_5_x86_64.manylinux1_x86_64.manylinux_2_17_x86_64.manylinux2014_x86_64.whl", hash = "sha256:9bb47cc9f07a59a451361a850cb06d20633e77a9118d05fd0f77b1864439461b"},
    {file = "coverage-7.7.1-cp313-cp313-musllinux_1_2_aarch64.whl", hash = "sha256:b4c144c129343416a49378e05c9451c34aae5ccf00221e4fa4f487db0816ee2f"},
    {file = "coverage-7.7.1-cp313-cp313-musllinux_1_2_i686.whl", hash = "sha256:bc96441c9d9ca12a790b5ae17d2fa6654da4b3962ea15e0eabb1b1caed094777"},
    {file = "coverage-7.7.1-cp313-cp313-musllinux_1_2_x86_64.whl", hash = "sha256:3d03287eb03186256999539d98818c425c33546ab4901028c8fa933b62c35c3a"},
    {file = "coverage-7.7.1-cp313-cp313-win32.whl", hash = "sha256:8fed429c26b99641dc1f3a79179860122b22745dd9af36f29b141e178925070a"},
    {file = "coverage-7.7.1-cp313-cp313-win_amd64.whl", hash = "sha256:092b134129a8bb940c08b2d9ceb4459af5fb3faea77888af63182e17d89e1cf1"},
    {file = "coverage-7.7.1-cp313-cp313t-macosx_10_13_x86_64.whl", hash = "sha256:d3154b369141c3169b8133973ac00f63fcf8d6dbcc297d788d36afbb7811e511"},
    {file = "coverage-7.7.1-cp313-cp313t-macosx_11_0_arm64.whl", hash = "sha256:264ff2bcce27a7f455b64ac0dfe097680b65d9a1a293ef902675fa8158d20b24"},
    {file = "coverage-7.7.1-cp313-cp313t-manylinux_2_17_aarch64.manylinux2014_aarch64.whl", hash = "sha256:ba8480ebe401c2f094d10a8c4209b800a9b77215b6c796d16b6ecdf665048950"},
    {file = "coverage-7.7.1-cp313-cp313t-manylinux_2_5_i686.manylinux1_i686.manylinux_2_17_i686.manylinux2014_i686.whl", hash = "sha256:520af84febb6bb54453e7fbb730afa58c7178fd018c398a8fcd8e269a79bf96d"},
    {file = "coverage-7.7.1-cp313-cp313t-manylinux_2_5_x86_64.manylinux1_x86_64.manylinux_2_17_x86_64.manylinux2014_x86_64.whl", hash = "sha256:88d96127ae01ff571d465d4b0be25c123789cef88ba0879194d673fdea52f54e"},
    {file = "coverage-7.7.1-cp313-cp313t-musllinux_1_2_aarch64.whl", hash = "sha256:0ce92c5a9d7007d838456f4b77ea159cb628187a137e1895331e530973dcf862"},
    {file = "coverage-7.7.1-cp313-cp313t-musllinux_1_2_i686.whl", hash = "sha256:0dab4ef76d7b14f432057fdb7a0477e8bffca0ad39ace308be6e74864e632271"},
    {file = "coverage-7.7.1-cp313-cp313t-musllinux_1_2_x86_64.whl", hash = "sha256:7e688010581dbac9cab72800e9076e16f7cccd0d89af5785b70daa11174e94de"},
    {file = "coverage-7.7.1-cp313-cp313t-win32.whl", hash = "sha256:e52eb31ae3afacdacfe50705a15b75ded67935770c460d88c215a9c0c40d0e9c"},
    {file = "coverage-7.7.1-cp313-cp313t-win_amd64.whl", hash = "sha256:a6b6b3bd121ee2ec4bd35039319f3423d0be282b9752a5ae9f18724bc93ebe7c"},
    {file = "coverage-7.7.1-cp39-cp39-macosx_10_9_x86_64.whl", hash = "sha256:34a3bf6b92e6621fc4dcdaab353e173ccb0ca9e4bfbcf7e49a0134c86c9cd303"},
    {file = "coverage-7.7.1-cp39-cp39-macosx_11_0_arm64.whl", hash = "sha256:d6874929d624d3a670f676efafbbc747f519a6121b581dd41d012109e70a5ebd"},
    {file = "coverage-7.7.1-cp39-cp39-manylinux_2_17_aarch64.manylinux2014_aarch64.whl", hash = "sha256:7ba5ff236c87a7b7aa1441a216caf44baee14cbfbd2256d306f926d16b026578"},
    {file = "coverage-7.7.1-cp39-cp39-manylinux_2_5_i686.manylinux1_i686.manylinux_2_17_i686.manylinux2014_i686.whl", hash = "sha256:452735fafe8ff5918236d5fe1feac322b359e57692269c75151f9b4ee4b7e1bc"},
    {file = "coverage-7.7.1-cp39-cp39-manylinux_2_5_x86_64.manylinux1_x86_64.manylinux_2_17_x86_64.manylinux2014_x86_64.whl", hash = "sha256:f5f99a93cecf799738e211f9746dc83749b5693538fbfac279a61682ba309387"},
    {file = "coverage-7.7.1-cp39-cp39-musllinux_1_2_aarch64.whl", hash = "sha256:11dd6f52c2a7ce8bf0a5f3b6e4a8eb60e157ffedc3c4b4314a41c1dfbd26ce58"},
    {file = "coverage-7.7.1-cp39-cp39-musllinux_1_2_i686.whl", hash = "sha256:b52edb940d087e2a96e73c1523284a2e94a4e66fa2ea1e2e64dddc67173bad94"},
    {file = "coverage-7.7.1-cp39-cp39-musllinux_1_2_x86_64.whl", hash = "sha256:d2e73e2ac468536197e6b3ab79bc4a5c9da0f078cd78cfcc7fe27cf5d1195ef0"},
    {file = "coverage-7.7.1-cp39-cp39-win32.whl", hash = "sha256:18f544356bceef17cc55fcf859e5664f06946c1b68efcea6acdc50f8f6a6e776"},
    {file = "coverage-7.7.1-cp39-cp39-win_amd64.whl", hash = "sha256:d66ff48ab3bb6f762a153e29c0fc1eb5a62a260217bc64470d7ba602f5886d20"},
    {file = "coverage-7.7.1-pp39.pp310.pp311-none-any.whl", hash = "sha256:5b7b02e50d54be6114cc4f6a3222fec83164f7c42772ba03b520138859b5fde1"},
    {file = "coverage-7.7.1-py3-none-any.whl", hash = "sha256:822fa99dd1ac686061e1219b67868e25d9757989cf2259f735a4802497d6da31"},
    {file = "coverage-7.7.1.tar.gz", hash = "sha256:199a1272e642266b90c9f40dec7fd3d307b51bf639fa0d15980dc0b3246c1393"},
]

[package.extras]
toml = ["tomli"]

[[package]]
name = "dill"
version = "0.3.9"
description = "serialize all of Python"
optional = false
python-versions = ">=3.8"
files = [
    {file = "dill-0.3.9-py3-none-any.whl", hash = "sha256:468dff3b89520b474c0397703366b7b95eebe6303f108adf9b19da1f702be87a"},
    {file = "dill-0.3.9.tar.gz", hash = "sha256:81aa267dddf68cbfe8029c42ca9ec6a4ab3b22371d1c450abc54422577b4512c"},
]

[package.extras]
graph = ["objgraph (>=1.7.2)"]
profile = ["gprof2dot (>=2022.7.29)"]

[[package]]
name = "h11"
version = "0.14.0"
description = "A pure-Python, bring-your-own-I/O implementation of HTTP/1.1"
optional = false
python-versions = ">=3.7"
files = [
    {file = "h11-0.14.0-py3-none-any.whl", hash = "sha256:e3fe4ac4b851c468cc8363d500db52c2ead036020723024a109d37346efaa761"},
    {file = "h11-0.14.0.tar.gz", hash = "sha256:8f19fbbe99e72420ff35c00b27a34cb9937e902a8b810e2c88300c6f0a3b699d"},
]

[[package]]
name = "httpcore"
version = "1.0.7"
description = "A minimal low-level HTTP client."
optional = false
python-versions = ">=3.8"
files = [
    {file = "httpcore-1.0.7-py3-none-any.whl", hash = "sha256:a3fff8f43dc260d5bd363d9f9cf1830fa3a458b332856f34282de498ed420edd"},
    {file = "httpcore-1.0.7.tar.gz", hash = "sha256:8551cb62a169ec7162ac7be8d4817d561f60e08eaa485234898414bb5a8a0b4c"},
]

[package.dependencies]
certifi = "*"
h11 = ">=0.13,<0.15"

[package.extras]
asyncio = ["anyio (>=4.0,<5.0)"]
http2 = ["h2 (>=3,<5)"]
socks = ["socksio (==1.*)"]
trio = ["trio (>=0.22.0,<1.0)"]

[[package]]
name = "httpx"
version = "0.28.1"
description = "The next generation HTTP client."
optional = false
python-versions = ">=3.8"
files = [
    {file = "httpx-0.28.1-py3-none-any.whl", hash = "sha256:d909fcccc110f8c7faf814ca82a9a4d816bc5a6dbfea25d6591d6985b8ba59ad"},
    {file = "httpx-0.28.1.tar.gz", hash = "sha256:75e98c5f16b0f35b567856f597f06ff2270a374470a5c2392242528e3e3e42fc"},
]

[package.dependencies]
anyio = "*"
certifi = "*"
httpcore = "==1.*"
idna = "*"

[package.extras]
brotli = ["brotli", "brotlicffi"]
cli = ["click (==8.*)", "pygments (==2.*)", "rich (>=10,<14)"]
http2 = ["h2 (>=3,<5)"]
socks = ["socksio (==1.*)"]
zstd = ["zstandard (>=0.18.0)"]

[[package]]
name = "idna"
version = "3.10"
description = "Internationalized Domain Names in Applications (IDNA)"
optional = false
python-versions = ">=3.6"
files = [
    {file = "idna-3.10-py3-none-any.whl", hash = "sha256:946d195a0d259cbba61165e88e65941f16e9b36ea6ddb97f00452bae8b1287d3"},
    {file = "idna-3.10.tar.gz", hash = "sha256:12f65c9b470abda6dc35cf8e63cc574b1c52b11df2c86030af0ac09b01b13ea9"},
]

[package.extras]
all = ["flake8 (>=7.1.1)", "mypy (>=1.11.2)", "pytest (>=8.3.2)", "ruff (>=0.6.2)"]

[[package]]
name = "iniconfig"
version = "2.1.0"
description = "brain-dead simple config-ini parsing"
optional = false
python-versions = ">=3.8"
files = [
    {file = "iniconfig-2.1.0-py3-none-any.whl", hash = "sha256:9deba5723312380e77435581c6bf4935c94cbfab9b1ed33ef8d238ea168eb760"},
    {file = "iniconfig-2.1.0.tar.gz", hash = "sha256:3abbd2e30b36733fee78f9c7f7308f2d0050e88f0087fd25c2645f63c773e1c7"},
]

[[package]]
name = "isort"
version = "6.0.1"
description = "A Python utility / library to sort Python imports."
optional = false
python-versions = ">=3.9.0"
files = [
    {file = "isort-6.0.1-py3-none-any.whl", hash = "sha256:2dc5d7f65c9678d94c88dfc29161a320eec67328bc97aad576874cb4be1e9615"},
    {file = "isort-6.0.1.tar.gz", hash = "sha256:1cb5df28dfbc742e490c5e41bad6da41b805b0a8be7bc93cd0fb2a8a890ac450"},
]

[package.extras]
colors = ["colorama"]
plugins = ["setuptools"]

[[package]]
name = "mccabe"
version = "0.7.0"
description = "McCabe checker, plugin for flake8"
optional = false
python-versions = ">=3.6"
files = [
    {file = "mccabe-0.7.0-py2.py3-none-any.whl", hash = "sha256:6c2d30ab6be0e4a46919781807b4f0d834ebdd6c6e3dca0bda5a15f863427b6e"},
    {file = "mccabe-0.7.0.tar.gz", hash = "sha256:348e0240c33b60bbdf4e523192ef919f28cb2c3d7d5c7794f74009290f236325"},
]

[[package]]
name = "mypy"
version = "1.15.0"
description = "Optional static typing for Python"
optional = false
python-versions = ">=3.9"
files = [
    {file = "mypy-1.15.0-cp310-cp310-macosx_10_9_x86_64.whl", hash = "sha256:979e4e1a006511dacf628e36fadfecbcc0160a8af6ca7dad2f5025529e082c13"},
    {file = "mypy-1.15.0-cp310-cp310-macosx_11_0_arm64.whl", hash = "sha256:c4bb0e1bd29f7d34efcccd71cf733580191e9a264a2202b0239da95984c5b559"},
    {file = "mypy-1.15.0-cp310-cp310-manylinux_2_17_aarch64.manylinux2014_aarch64.manylinux_2_28_aarch64.whl", hash = "sha256:be68172e9fd9ad8fb876c6389f16d1c1b5f100ffa779f77b1fb2176fcc9ab95b"},
    {file = "mypy-1.15.0-cp310-cp310-manylinux_2_17_x86_64.manylinux2014_x86_64.manylinux_2_28_x86_64.whl", hash = "sha256:c7be1e46525adfa0d97681432ee9fcd61a3964c2446795714699a998d193f1a3"},
    {file = "mypy-1.15.0-cp310-cp310-musllinux_1_2_x86_64.whl", hash = "sha256:2e2c2e6d3593f6451b18588848e66260ff62ccca522dd231cd4dd59b0160668b"},
    {file = "mypy-1.15.0-cp310-cp310-win_amd64.whl", hash = "sha256:6983aae8b2f653e098edb77f893f7b6aca69f6cffb19b2cc7443f23cce5f4828"},
    {file = "mypy-1.15.0-cp311-cp311-macosx_10_9_x86_64.whl", hash = "sha256:2922d42e16d6de288022e5ca321cd0618b238cfc5570e0263e5ba0a77dbef56f"},
    {file = "mypy-1.15.0-cp311-cp311-macosx_11_0_arm64.whl", hash = "sha256:2ee2d57e01a7c35de00f4634ba1bbf015185b219e4dc5909e281016df43f5ee5"},
    {file = "mypy-1.15.0-cp311-cp311-manylinux_2_17_aarch64.manylinux2014_aarch64.manylinux_2_28_aarch64.whl", hash = "sha256:973500e0774b85d9689715feeffcc980193086551110fd678ebe1f4342fb7c5e"},
    {file = "mypy-1.15.0-cp311-cp311-manylinux_2_17_x86_64.manylinux2014_x86_64.manylinux_2_28_x86_64.whl", hash = "sha256:5a95fb17c13e29d2d5195869262f8125dfdb5c134dc8d9a9d0aecf7525b10c2c"},
    {file = "mypy-1.15.0-cp311-cp311-musllinux_1_2_x86_64.whl", hash = "sha256:1905f494bfd7d85a23a88c5d97840888a7bd516545fc5aaedff0267e0bb54e2f"},
    {file = "mypy-1.15.0-cp311-cp311-win_amd64.whl", hash = "sha256:c9817fa23833ff189db061e6d2eff49b2f3b6ed9856b4a0a73046e41932d744f"},
    {file = "mypy-1.15.0-cp312-cp312-macosx_10_13_x86_64.whl", hash = "sha256:aea39e0583d05124836ea645f412e88a5c7d0fd77a6d694b60d9b6b2d9f184fd"},
    {file = "mypy-1.15.0-cp312-cp312-macosx_11_0_arm64.whl", hash = "sha256:2f2147ab812b75e5b5499b01ade1f4a81489a147c01585cda36019102538615f"},
    {file = "mypy-1.15.0-cp312-cp312-manylinux_2_17_aarch64.manylinux2014_aarch64.manylinux_2_28_aarch64.whl", hash = "sha256:ce436f4c6d218a070048ed6a44c0bbb10cd2cc5e272b29e7845f6a2f57ee4464"},
    {file = "mypy-1.15.0-cp312-cp312-manylinux_2_17_x86_64.manylinux2014_x86_64.manylinux_2_28_x86_64.whl", hash = "sha256:8023ff13985661b50a5928fc7a5ca15f3d1affb41e5f0a9952cb68ef090b31ee"},
    {file = "mypy-1.15.0-cp312-cp312-musllinux_1_2_x86_64.whl", hash = "sha256:1124a18bc11a6a62887e3e137f37f53fbae476dc36c185d549d4f837a2a6a14e"},
    {file = "mypy-1.15.0-cp312-cp312-win_amd64.whl", hash = "sha256:171a9ca9a40cd1843abeca0e405bc1940cd9b305eaeea2dda769ba096932bb22"},
    {file = "mypy-1.15.0-cp313-cp313-macosx_10_13_x86_64.whl", hash = "sha256:93faf3fdb04768d44bf28693293f3904bbb555d076b781ad2530214ee53e3445"},
    {file = "mypy-1.15.0-cp313-cp313-macosx_11_0_arm64.whl", hash = "sha256:811aeccadfb730024c5d3e326b2fbe9249bb7413553f15499a4050f7c30e801d"},
    {file = "mypy-1.15.0-cp313-cp313-manylinux_2_17_aarch64.manylinux2014_aarch64.manylinux_2_28_aarch64.whl", hash = "sha256:98b7b9b9aedb65fe628c62a6dc57f6d5088ef2dfca37903a7d9ee374d03acca5"},
    {file = "mypy-1.15.0-cp313-cp313-manylinux_2_17_x86_64.manylinux2014_x86_64.manylinux_2_28_x86_64.whl", hash = "sha256:c43a7682e24b4f576d93072216bf56eeff70d9140241f9edec0c104d0c515036"},
    {file = "mypy-1.15.0-cp313-cp313-musllinux_1_2_x86_64.whl", hash = "sha256:baefc32840a9f00babd83251560e0ae1573e2f9d1b067719479bfb0e987c6357"},
    {file = "mypy-1.15.0-cp313-cp313-win_amd64.whl", hash = "sha256:b9378e2c00146c44793c98b8d5a61039a048e31f429fb0eb546d93f4b000bedf"},
    {file = "mypy-1.15.0-cp39-cp39-macosx_10_9_x86_64.whl", hash = "sha256:e601a7fa172c2131bff456bb3ee08a88360760d0d2f8cbd7a75a65497e2df078"},
    {file = "mypy-1.15.0-cp39-cp39-macosx_11_0_arm64.whl", hash = "sha256:712e962a6357634fef20412699a3655c610110e01cdaa6180acec7fc9f8513ba"},
    {file = "mypy-1.15.0-cp39-cp39-manylinux_2_17_aarch64.manylinux2014_aarch64.manylinux_2_28_aarch64.whl", hash = "sha256:f95579473af29ab73a10bada2f9722856792a36ec5af5399b653aa28360290a5"},
    {file = "mypy-1.15.0-cp39-cp39-manylinux_2_17_x86_64.manylinux2014_x86_64.manylinux_2_28_x86_64.whl", hash = "sha256:8f8722560a14cde92fdb1e31597760dc35f9f5524cce17836c0d22841830fd5b"},
    {file = "mypy-1.15.0-cp39-cp39-musllinux_1_2_x86_64.whl", hash = "sha256:1fbb8da62dc352133d7d7ca90ed2fb0e9d42bb1a32724c287d3c76c58cbaa9c2"},
    {file = "mypy-1.15.0-cp39-cp39-win_amd64.whl", hash = "sha256:d10d994b41fb3497719bbf866f227b3489048ea4bbbb5015357db306249f7980"},
    {file = "mypy-1.15.0-py3-none-any.whl", hash = "sha256:5469affef548bd1895d86d3bf10ce2b44e33d86923c29e4d675b3e323437ea3e"},
    {file = "mypy-1.15.0.tar.gz", hash = "sha256:404534629d51d3efea5c800ee7c42b72a6554d6c400e6a79eafe15d11341fd43"},
]

[package.dependencies]
mypy_extensions = ">=1.0.0"
typing_extensions = ">=4.6.0"

[package.extras]
dmypy = ["psutil (>=4.0)"]
faster-cache = ["orjson"]
install-types = ["pip"]
mypyc = ["setuptools (>=50)"]
reports = ["lxml"]

[[package]]
name = "mypy-extensions"
version = "1.0.0"
description = "Type system extensions for programs checked with the mypy type checker."
optional = false
python-versions = ">=3.5"
files = [
    {file = "mypy_extensions-1.0.0-py3-none-any.whl", hash = "sha256:4392f6c0eb8a5668a69e23d168ffa70f0be9ccfd32b5cc2d26a34ae5b844552d"},
    {file = "mypy_extensions-1.0.0.tar.gz", hash = "sha256:75dbf8955dc00442a438fc4d0666508a9a97b6bd41aa2f0ffe9d2f2725af0782"},
]

[[package]]
name = "packaging"
version = "24.2"
description = "Core utilities for Python packages"
optional = false
python-versions = ">=3.8"
files = [
    {file = "packaging-24.2-py3-none-any.whl", hash = "sha256:09abb1bccd265c01f4a3aa3f7a7db064b36514d2cba19a2f694fe6150451a759"},
    {file = "packaging-24.2.tar.gz", hash = "sha256:c228a6dc5e932d346bc5739379109d49e8853dd8223571c7c5b55260edc0b97f"},
]

[[package]]
name = "platformdirs"
version = "4.3.7"
description = "A small Python package for determining appropriate platform-specific dirs, e.g. a `user data dir`."
optional = false
python-versions = ">=3.9"
files = [
    {file = "platformdirs-4.3.7-py3-none-any.whl", hash = "sha256:a03875334331946f13c549dbd8f4bac7a13a50a895a0eb1e8c6a8ace80d40a94"},
    {file = "platformdirs-4.3.7.tar.gz", hash = "sha256:eb437d586b6a0986388f0d6f74aa0cde27b48d0e3d66843640bfb6bdcdb6e351"},
]

[package.extras]
docs = ["furo (>=2024.8.6)", "proselint (>=0.14)", "sphinx (>=8.1.3)", "sphinx-autodoc-typehints (>=3)"]
test = ["appdirs (==1.4.4)", "covdefaults (>=2.3)", "pytest (>=8.3.4)", "pytest-cov (>=6)", "pytest-mock (>=3.14)"]
type = ["mypy (>=1.14.1)"]

[[package]]
name = "pluggy"
version = "1.5.0"
description = "plugin and hook calling mechanisms for python"
optional = false
python-versions = ">=3.8"
files = [
    {file = "pluggy-1.5.0-py3-none-any.whl", hash = "sha256:44e1ad92c8ca002de6377e165f3e0f1be63266ab4d554740532335b9d75ea669"},
    {file = "pluggy-1.5.0.tar.gz", hash = "sha256:2cffa88e94fdc978c4c574f15f9e59b7f4201d439195c3715ca9e2486f1d0cf1"},
]

[package.extras]
dev = ["pre-commit", "tox"]
testing = ["pytest", "pytest-benchmark"]

[[package]]
name = "pydantic"
version = "2.11.0b2"
description = "Data validation using Python type hints"
optional = false
python-versions = ">=3.9"
files = [
    {file = "pydantic-2.11.0b2-py3-none-any.whl", hash = "sha256:68be5e062d8a27668ea9788a506f293c686a3da1fd268ce6ea6372afed05aa63"},
    {file = "pydantic-2.11.0b2.tar.gz", hash = "sha256:69b46cb670717beb829edb49ea53405d9a1fc3cdd9f45cf057a730a85e099cfb"},
]

[package.dependencies]
annotated-types = ">=0.6.0"
pydantic-core = "2.32.0"
typing-extensions = ">=4.12.2"
typing-inspection = ">=0.4.0"

[package.extras]
email = ["email-validator (>=2.0.0)"]
timezone = ["tzdata"]

[[package]]
name = "pydantic-core"
version = "2.32.0"
description = "Core functionality for Pydantic validation and serialization"
optional = false
python-versions = ">=3.9"
files = [
    {file = "pydantic_core-2.32.0-cp310-cp310-macosx_10_12_x86_64.whl", hash = "sha256:42a67e3afa165b20091f1e0adbaa46bc321a51b631e058a3d90e6250a378fe87"},
    {file = "pydantic_core-2.32.0-cp310-cp310-macosx_11_0_arm64.whl", hash = "sha256:acad7a6bbb9a010b58843e49339fcb8d226b9ad9151c3b9f819c4f875123eb1c"},
    {file = "pydantic_core-2.32.0-cp310-cp310-manylinux_2_17_aarch64.manylinux2014_aarch64.whl", hash = "sha256:b58de4b99f2f64cfca0be690a2a7b64ab67e0e6eafe7adf6cdcd001f5002882a"},
    {file = "pydantic_core-2.32.0-cp310-cp310-manylinux_2_17_armv7l.manylinux2014_armv7l.whl", hash = "sha256:d6ba0479d7e698df3660ba2169b8577f4b5c8657abf32fc7d4569a10d978512e"},
    {file = "pydantic_core-2.32.0-cp310-cp310-manylinux_2_17_ppc64le.manylinux2014_ppc64le.whl", hash = "sha256:539ca31d3da02affae8c38a4629d3ea17f5f76aae39343db8f6f26a2e013cb9b"},
    {file = "pydantic_core-2.32.0-cp310-cp310-manylinux_2_17_s390x.manylinux2014_s390x.whl", hash = "sha256:53794997a6a47ad1dac092bc286869bb37125eee9b431b1a56925db3f024536e"},
    {file = "pydantic_core-2.32.0-cp310-cp310-manylinux_2_17_x86_64.manylinux2014_x86_64.whl", hash = "sha256:ae24735998cbe975b61c9293cfcfa8d71e04fe672462bb7868a5ed2ebe36d0b3"},
    {file = "pydantic_core-2.32.0-cp310-cp310-manylinux_2_5_i686.manylinux1_i686.whl", hash = "sha256:d0ca47f01a07b6b2b8e183d674402957d723349ba5143a167d565a33c8b0af2d"},
    {file = "pydantic_core-2.32.0-cp310-cp310-musllinux_1_1_aarch64.whl", hash = "sha256:8c631344cd27171aaa8791661791085436addd2cce9f4df3219842547e16f1ea"},
    {file = "pydantic_core-2.32.0-cp310-cp310-musllinux_1_1_armv7l.whl", hash = "sha256:7d18834571e9ccd85be8b81578b3a03b81333e54f627b6eb862db38a0b770326"},
    {file = "pydantic_core-2.32.0-cp310-cp310-musllinux_1_1_x86_64.whl", hash = "sha256:60a1f8f76917dfb22c3acfe3a926771fa924522392b0eff31f07ff19f4c61d97"},
    {file = "pydantic_core-2.32.0-cp310-cp310-win32.whl", hash = "sha256:94daffc7b389a417957b94343f68807fe48e1bb478f3f76b4f4ff4084f2cf248"},
    {file = "pydantic_core-2.32.0-cp310-cp310-win_amd64.whl", hash = "sha256:33be28f8c49d86a3a179b78b2d27933ba6998e7ba68f1d02e665755223f59a2a"},
    {file = "pydantic_core-2.32.0-cp311-cp311-macosx_10_12_x86_64.whl", hash = "sha256:9ea8a262154cf7805e5a9e23af8beb6130f8d700288769c19d363de1d93d68c5"},
    {file = "pydantic_core-2.32.0-cp311-cp311-macosx_11_0_arm64.whl", hash = "sha256:dae7dc2fda3d31af3dd421f8e8dde661211a886c7a308246d7944704d36ceb8b"},
    {file = "pydantic_core-2.32.0-cp311-cp311-manylinux_2_17_aarch64.manylinux2014_aarch64.whl", hash = "sha256:08301735e75614912291967d212cd6e21c75e7bc741e6373f8712996f28b4f6b"},
    {file = "pydantic_core-2.32.0-cp311-cp311-manylinux_2_17_armv7l.manylinux2014_armv7l.whl", hash = "sha256:cc3ad2d268842212e68cfd940897982350c2dc21d164e8dfb08fcc9fe23b3698"},
    {file = "pydantic_core-2.32.0-cp311-cp311-manylinux_2_17_ppc64le.manylinux2014_ppc64le.whl", hash = "sha256:a13f15e1d48772f8ec5829a7c4fff2241384797f3ad7132570d28dae781fd017"},
    {file = "pydantic_core-2.32.0-cp311-cp311-manylinux_2_17_s390x.manylinux2014_s390x.whl", hash = "sha256:37834e5fbc5e2d39076e8b461415fe632c42c354b1f3e5fc410670fab7e9a030"},
    {file = "pydantic_core-2.32.0-cp311-cp311-manylinux_2_17_x86_64.manylinux2014_x86_64.whl", hash = "sha256:8ff5b1e092ec6737466032771a872fbb1ecabc881a57e181f157382360788145"},
    {file = "pydantic_core-2.32.0-cp311-cp311-manylinux_2_5_i686.manylinux1_i686.whl", hash = "sha256:7a18758eea9b086eac4ac9985f67ac1e204a8636e32827420aec96fab8df3edc"},
    {file = "pydantic_core-2.32.0-cp311-cp311-musllinux_1_1_aarch64.whl", hash = "sha256:f3a7dfda9195081bc7a11616cab618bff8247b6492026e1cc354d50c353e0527"},
    {file = "pydantic_core-2.32.0-cp311-cp311-musllinux_1_1_armv7l.whl", hash = "sha256:52bf1614f9ece8bd651897c0d82c612138da36413fb4b16251044afe4bb88fe9"},
    {file = "pydantic_core-2.32.0-cp311-cp311-musllinux_1_1_x86_64.whl", hash = "sha256:5695fbc13b3332b7e43ab5b00c8aa9fc8f355cb4e53660b763c0a2fcbec64e2f"},
    {file = "pydantic_core-2.32.0-cp311-cp311-win32.whl", hash = "sha256:c56380cfdfd48c471fff111b0031fdbdea55de5538b4e8ecb4996bc8e01291d4"},
    {file = "pydantic_core-2.32.0-cp311-cp311-win_amd64.whl", hash = "sha256:04451c66c71f360421cba32529727887cea345d13dfd3b244ea505b16ea518dc"},
    {file = "pydantic_core-2.32.0-cp311-cp311-win_arm64.whl", hash = "sha256:dab998efcdbbad9bbbac74bd14d7761ba602d1e7ad8472e7d179d8400acc3c28"},
    {file = "pydantic_core-2.32.0-cp312-cp312-macosx_10_12_x86_64.whl", hash = "sha256:d5ebf011f669a33d8b27be27dba18e1182979b7ad5a2fa83c113632cab080ebb"},
    {file = "pydantic_core-2.32.0-cp312-cp312-macosx_11_0_arm64.whl", hash = "sha256:6e46bdcfc88cf4113843cd4ea4a1fbb1474c9fb0906214fbd74cc31c9fdbbce9"},
    {file = "pydantic_core-2.32.0-cp312-cp312-manylinux_2_17_aarch64.manylinux2014_aarch64.whl", hash = "sha256:9438062662caced120965d9df19bd9f49cd64c2d25a8a3a9b2a97543789a8756"},
    {file = "pydantic_core-2.32.0-cp312-cp312-manylinux_2_17_armv7l.manylinux2014_armv7l.whl", hash = "sha256:56e3dc48c89e1846fc634492f057fd9033bb68613d0297954f8aff1f5460c4f0"},
    {file = "pydantic_core-2.32.0-cp312-cp312-manylinux_2_17_ppc64le.manylinux2014_ppc64le.whl", hash = "sha256:5c36b960dfac74a647563d1fff734836f6835534abf1f50d65daae9971560219"},
    {file = "pydantic_core-2.32.0-cp312-cp312-manylinux_2_17_s390x.manylinux2014_s390x.whl", hash = "sha256:b3c470480efebf336994c0abb1750f54572f8bfb1a263a3341c44ea1917b75af"},
    {file = "pydantic_core-2.32.0-cp312-cp312-manylinux_2_17_x86_64.manylinux2014_x86_64.whl", hash = "sha256:d55255af046758063fa178773efea11cbfb3f248b5ee68373429b60c2958e095"},
    {file = "pydantic_core-2.32.0-cp312-cp312-manylinux_2_5_i686.manylinux1_i686.whl", hash = "sha256:014a0c8a7d5125f9945051ad315b7d0fb00bf7b28981d30c12f63e9e350f67ff"},
    {file = "pydantic_core-2.32.0-cp312-cp312-musllinux_1_1_aarch64.whl", hash = "sha256:a96bdfb2597960dc0d23991ebd734623afd3c36948457ee07b2ede83dfd41906"},
    {file = "pydantic_core-2.32.0-cp312-cp312-musllinux_1_1_armv7l.whl", hash = "sha256:23930b4caf9ef88999caadf907f8730875e8ca67781336d5c32587f9b54d678a"},
    {file = "pydantic_core-2.32.0-cp312-cp312-musllinux_1_1_x86_64.whl", hash = "sha256:058cdd25c082574624898134f3534e772c2bab61ed3ec6e9dea11a166b75aff7"},
    {file = "pydantic_core-2.32.0-cp312-cp312-win32.whl", hash = "sha256:974aaf7092e2158725ea9e70908a9bc122f16596cd2e0b21021b388b41b727f2"},
    {file = "pydantic_core-2.32.0-cp312-cp312-win_amd64.whl", hash = "sha256:442b34b249acc0f0601e39bf01a359786dd7e28d03617e03e4159b8a7927f69c"},
    {file = "pydantic_core-2.32.0-cp312-cp312-win_arm64.whl", hash = "sha256:cda2c8d0d13b12a2abb50085dbc86615e0cead2f07347838e030d03b486edad5"},
    {file = "pydantic_core-2.32.0-cp313-cp313-macosx_10_12_x86_64.whl", hash = "sha256:2ec4eb352a80f565f4f1cc00ea124f54ba538576466d839f0d28be88de93ff70"},
    {file = "pydantic_core-2.32.0-cp313-cp313-macosx_11_0_arm64.whl", hash = "sha256:8289774b5f315d2d2837c54627f96f95ac137f94923b6cda88919ce1e5b2f5ab"},
    {file = "pydantic_core-2.32.0-cp313-cp313-manylinux_2_17_aarch64.manylinux2014_aarch64.whl", hash = "sha256:fada5bfdcc56894cafc3a340e122a98351cf628c7db825832add9b2459a62521"},
    {file = "pydantic_core-2.32.0-cp313-cp313-manylinux_2_17_armv7l.manylinux2014_armv7l.whl", hash = "sha256:0579e302f09de2ddcb9167cdcf651c9fd9ead30b38ac688a46c481391029f3aa"},
    {file = "pydantic_core-2.32.0-cp313-cp313-manylinux_2_17_ppc64le.manylinux2014_ppc64le.whl", hash = "sha256:aed67e3211c67e9b93e3c3eebd5670d5226fa8ccf7df79b4481d90af5440e964"},
    {file = "pydantic_core-2.32.0-cp313-cp313-manylinux_2_17_s390x.manylinux2014_s390x.whl", hash = "sha256:cae8f2b1d8d2a71403cea6a1cc1e595de45acd864acc92085c9d8056a1b8a348"},
    {file = "pydantic_core-2.32.0-cp313-cp313-manylinux_2_17_x86_64.manylinux2014_x86_64.whl", hash = "sha256:937581364b5333e5dbbf354333a72f779bcb594f21a8b363189289f61bb99bc9"},
    {file = "pydantic_core-2.32.0-cp313-cp313-manylinux_2_5_i686.manylinux1_i686.whl", hash = "sha256:f7d5937285c1c1c11ec67cb832058bcc0aaddc77921935f7d7742ba96476d3cb"},
    {file = "pydantic_core-2.32.0-cp313-cp313-musllinux_1_1_aarch64.whl", hash = "sha256:00abf84d4f052c3ee5c4f35e1b87907ab18b08c5046d3d4e7401ec583cdfab67"},
    {file = "pydantic_core-2.32.0-cp313-cp313-musllinux_1_1_armv7l.whl", hash = "sha256:72849fbf01dad22481f581777247d1b71c7b5d23b99a96f6c40c02876140a6b2"},
    {file = "pydantic_core-2.32.0-cp313-cp313-musllinux_1_1_x86_64.whl", hash = "sha256:d596202a24a01313cc7405b7c97dbdc6bf072f22b920683f1939506e9b011461"},
    {file = "pydantic_core-2.32.0-cp313-cp313-win32.whl", hash = "sha256:231fc4f1795f8b4018aed16548e26a387fc9352b995ce7956e7acb5a9d30d887"},
    {file = "pydantic_core-2.32.0-cp313-cp313-win_amd64.whl", hash = "sha256:375961ae097976433d28d2a7e14082a15e18c1e55e1282451fa8be67c48c447f"},
    {file = "pydantic_core-2.32.0-cp313-cp313-win_arm64.whl", hash = "sha256:2574744bd66b8ddd34bfe44e48c9edbb399a7d869f1e448366af700d027dfe25"},
    {file = "pydantic_core-2.32.0-cp313-cp313t-macosx_11_0_arm64.whl", hash = "sha256:f376ced015392872948aa64704dc01ed3ef9cc75cbfa02639811c2937fdc4fc5"},
    {file = "pydantic_core-2.32.0-cp313-cp313t-manylinux_2_17_x86_64.manylinux2014_x86_64.whl", hash = "sha256:3990698a4ae9bfc79cfb30e99125021992f36b07b81ee5a57f9488af317fbbfd"},
    {file = "pydantic_core-2.32.0-cp313-cp313t-win_amd64.whl", hash = "sha256:23f32c619fae4e979f698372635c8ae30bbb950bfa6c30066274ea7b6dfc1ddc"},
    {file = "pydantic_core-2.32.0-cp39-cp39-macosx_10_12_x86_64.whl", hash = "sha256:dd4e9072391a89078c07cc95c4dce5a4dd64e655b9b33a230ef2b9245e15e0aa"},
    {file = "pydantic_core-2.32.0-cp39-cp39-macosx_11_0_arm64.whl", hash = "sha256:8c0721026ec77c8d8ef6767711504c8c4b50bf9a0c2e91dab6cc1c803b17217a"},
    {file = "pydantic_core-2.32.0-cp39-cp39-manylinux_2_17_aarch64.manylinux2014_aarch64.whl", hash = "sha256:671a3a66e273e8251a79b3a91ceaf426e16a7c4f1172f1c9abbbfea511875843"},
    {file = "pydantic_core-2.32.0-cp39-cp39-manylinux_2_17_armv7l.manylinux2014_armv7l.whl", hash = "sha256:4fb9523ec9c91b295cffc29f1ec9043321420369a52b01dbb813798cf3572199"},
    {file = "pydantic_core-2.32.0-cp39-cp39-manylinux_2_17_ppc64le.manylinux2014_ppc64le.whl", hash = "sha256:f31b754196f968d0362d348725b25ee51b6a8e364c33e623b0f335228138fb28"},
    {file = "pydantic_core-2.32.0-cp39-cp39-manylinux_2_17_s390x.manylinux2014_s390x.whl", hash = "sha256:34a0f15aa846ce4cffe3eca844915438f536ccd6e0d49e4d29ca13928d624355"},
    {file = "pydantic_core-2.32.0-cp39-cp39-manylinux_2_17_x86_64.manylinux2014_x86_64.whl", hash = "sha256:f385542cad8a4517bc682ec475f968a736a568e6c56676fa5abf40e4920db6ce"},
    {file = "pydantic_core-2.32.0-cp39-cp39-manylinux_2_5_i686.manylinux1_i686.whl", hash = "sha256:23be245ab1499f6262f907cfaef949fbe7009d3407bba6e4afb660b97f53a675"},
    {file = "pydantic_core-2.32.0-cp39-cp39-musllinux_1_1_aarch64.whl", hash = "sha256:99d948240f8b36258c9b0a16064a2258c59cb813457f5ccd265ea5cfc68018d2"},
    {file = "pydantic_core-2.32.0-cp39-cp39-musllinux_1_1_armv7l.whl", hash = "sha256:ea83d155fb0f130015c6b6ccf3585c98b6770d7b6af821d7b2524de47e8296ac"},
    {file = "pydantic_core-2.32.0-cp39-cp39-musllinux_1_1_x86_64.whl", hash = "sha256:4c0cdc107d9b67e769b3c4ec9aa55b1018ad926095cbf6810ad36bcf1d9a824c"},
    {file = "pydantic_core-2.32.0-cp39-cp39-win32.whl", hash = "sha256:d0837be0de8c75f867792d7b7d73a72f5ab8370724c7159fe02197903faa742b"},
    {file = "pydantic_core-2.32.0-cp39-cp39-win_amd64.whl", hash = "sha256:fa29649eaea9d9125b3645b11797d465c3624ca70cd5f80ac00724f1d693c980"},
    {file = "pydantic_core-2.32.0-pp310-pypy310_pp73-macosx_10_12_x86_64.whl", hash = "sha256:a7816ebce0418a05c618ee35e3097f3398312610d663f9e0231c8dc499c17b63"},
    {file = "pydantic_core-2.32.0-pp310-pypy310_pp73-macosx_11_0_arm64.whl", hash = "sha256:1e0050355535ddc748823d6987999c5d4896f56aa5baad08d9f0c93890b1e9d7"},
    {file = "pydantic_core-2.32.0-pp310-pypy310_pp73-manylinux_2_17_aarch64.manylinux2014_aarch64.whl", hash = "sha256:92f3c3d42e4950bb4dc4f53d32f81d6094f9eeddc707c21f3294e260698d60e4"},
    {file = "pydantic_core-2.32.0-pp310-pypy310_pp73-manylinux_2_17_x86_64.manylinux2014_x86_64.whl", hash = "sha256:eef865b34928e22784a9eb35b2bbc48c7b3535eded16fd3877cb8e2c6a681abe"},
    {file = "pydantic_core-2.32.0-pp310-pypy310_pp73-manylinux_2_5_i686.manylinux1_i686.whl", hash = "sha256:b76732499b19c7528db38231bbba5dd6981083fa38d13ce5e92e42b96ed8b7f7"},
    {file = "pydantic_core-2.32.0-pp310-pypy310_pp73-musllinux_1_1_aarch64.whl", hash = "sha256:80f9f02b78ace0a8c056e00c782a031319e47429721ca063d2764f9e96ac4aa8"},
    {file = "pydantic_core-2.32.0-pp310-pypy310_pp73-musllinux_1_1_armv7l.whl", hash = "sha256:d18c5cffb02552acbcd06c7869a1a399f6e4f27075adb37d0aa92e99e0b82940"},
    {file = "pydantic_core-2.32.0-pp310-pypy310_pp73-musllinux_1_1_x86_64.whl", hash = "sha256:3ad48df14bb79b138cfe14d7f538badbcf6b248497d1df8906a4ebaffd04765c"},
    {file = "pydantic_core-2.32.0-pp310-pypy310_pp73-win_amd64.whl", hash = "sha256:4033c5211e43ac43d8bf942ce2c2965ee4f9fb5150e446f8ea51f119bd8f7c89"},
    {file = "pydantic_core-2.32.0-pp311-pypy311_pp73-macosx_10_12_x86_64.whl", hash = "sha256:fb5998acc5eefecf5b9015bf547b37f4078929f3b2001a66421570c6e3b24919"},
    {file = "pydantic_core-2.32.0-pp311-pypy311_pp73-macosx_11_0_arm64.whl", hash = "sha256:b6995b6f17b563c0fb6270d967cbdde1c101a7319cf4a0d8e8c8b3bd9bc66e81"},
    {file = "pydantic_core-2.32.0-pp311-pypy311_pp73-manylinux_2_17_aarch64.manylinux2014_aarch64.whl", hash = "sha256:930141787c4f940b41df467fe005a9cf41bbacabe651595314883b3c0efd1c07"},
    {file = "pydantic_core-2.32.0-pp311-pypy311_pp73-manylinux_2_17_x86_64.manylinux2014_x86_64.whl", hash = "sha256:67b3d788d1be9132ecb329720bd29092e4ac1337b683f0edbf816aac799eeeb8"},
    {file = "pydantic_core-2.32.0-pp311-pypy311_pp73-manylinux_2_5_i686.manylinux1_i686.whl", hash = "sha256:b6f40e5d4ac378bbca444db2db86036389219a760761d4e192cc1dc4c5c43c67"},
    {file = "pydantic_core-2.32.0-pp311-pypy311_pp73-musllinux_1_1_aarch64.whl", hash = "sha256:5ae5bea0d627f32667b9ba706f120ffc31e2b7da52c6ae0b0b49a766de002754"},
    {file = "pydantic_core-2.32.0-pp311-pypy311_pp73-musllinux_1_1_armv7l.whl", hash = "sha256:86570884cf0330a4eaa5ee74de00c3962ed0332412deae5005a1021708af07a7"},
    {file = "pydantic_core-2.32.0-pp311-pypy311_pp73-musllinux_1_1_x86_64.whl", hash = "sha256:8f8d151cfa56c661f8bba4e702dfa749a8ed6cf236f1c3ae03ee281658d98b7e"},
    {file = "pydantic_core-2.32.0-pp311-pypy311_pp73-win_amd64.whl", hash = "sha256:78bb80dbe70ddc0b7dce9c9298d418ff1045cbc7526b95a276f6e89b969d2b0d"},
    {file = "pydantic_core-2.32.0-pp39-pypy39_pp73-macosx_10_12_x86_64.whl", hash = "sha256:7bb623b47041ec577f7c65d4567d823bf2d59fcc9bf07f258408beed6218a4cf"},
    {file = "pydantic_core-2.32.0-pp39-pypy39_pp73-macosx_11_0_arm64.whl", hash = "sha256:41e7ba0412bc01b50750124916070c99a6ab3f9500a4d40e0ccfefac9ebdd6ff"},
    {file = "pydantic_core-2.32.0-pp39-pypy39_pp73-manylinux_2_17_aarch64.manylinux2014_aarch64.whl", hash = "sha256:5f526877418628ae849ac7699c3659f71a6ac8df7335d38dd2dfdc72473c7a30"},
    {file = "pydantic_core-2.32.0-pp39-pypy39_pp73-manylinux_2_17_x86_64.manylinux2014_x86_64.whl", hash = "sha256:02077db7de626bba8602fa188c2762d1bfd4bd9c6e42024c42137a59a3009787"},
    {file = "pydantic_core-2.32.0-pp39-pypy39_pp73-manylinux_2_5_i686.manylinux1_i686.whl", hash = "sha256:b4c1311372fa0938d43840bfec9de918d1c1352ab90b2ceb3ea4519cf8a4a152"},
    {file = "pydantic_core-2.32.0-pp39-pypy39_pp73-musllinux_1_1_aarch64.whl", hash = "sha256:4ad943962092e60ba192bbf14c17af659dd77053a12a18661a2020b190b0e115"},
    {file = "pydantic_core-2.32.0-pp39-pypy39_pp73-musllinux_1_1_armv7l.whl", hash = "sha256:b557b34192279dae76838f7a789eeb5ce49c2a8f21da2ebbc06941ab42da254c"},
    {file = "pydantic_core-2.32.0-pp39-pypy39_pp73-musllinux_1_1_x86_64.whl", hash = "sha256:c105c936d793ebe68098fb01855869f7a6f69c3dddb81ea5fe61eca415d2d44d"},
    {file = "pydantic_core-2.32.0-pp39-pypy39_pp73-win_amd64.whl", hash = "sha256:2cb87ae0937c6635112caac00650c777237c3bb78107fe158c7f8b252ee464ec"},
    {file = "pydantic_core-2.32.0.tar.gz", hash = "sha256:db0bbb6014de6fad1283405d3ad2b14a1c3ac850ff493e8292b7705080331316"},
]

[package.dependencies]
typing-extensions = ">=4.6.0,<4.7.0 || >4.7.0"

[[package]]
name = "pydantic-xml"
version = "2.14.3"
description = "pydantic xml extension"
optional = false
python-versions = ">=3.8"
files = [
    {file = "pydantic_xml-2.14.3-py3-none-any.whl", hash = "sha256:4a0017f88bd7304695d9faa69b3127e67ea49064692113249ee9dd69ab8bd5aa"},
    {file = "pydantic_xml-2.14.3.tar.gz", hash = "sha256:6aa4bb20905d9e5809fd195a048be76788a73dcd611aef50cf364cdb24d3141e"},
]

[package.dependencies]
pydantic = ">=2.6.0,<2.10.0b1 || >2.10.0b1"
pydantic-core = ">=2.15.0"

[package.extras]
docs = ["Sphinx (>=5.3.0,<6.0.0)", "furo (>=2022.12.7,<2023.0.0)", "sphinx-copybutton (>=0.5.1,<0.6.0)", "sphinx_design (>=0.3.0,<0.4.0)", "toml (>=0.10.2,<0.11.0)"]
lxml = ["lxml (>=4.9.0)"]

[[package]]
name = "pylint"
version = "3.3.6"
description = "python code static checker"
optional = false
python-versions = ">=3.9.0"
files = [
    {file = "pylint-3.3.6-py3-none-any.whl", hash = "sha256:8b7c2d3e86ae3f94fb27703d521dd0b9b6b378775991f504d7c3a6275aa0a6a6"},
    {file = "pylint-3.3.6.tar.gz", hash = "sha256:b634a041aac33706d56a0d217e6587228c66427e20ec21a019bc4cdee48c040a"},
]

[package.dependencies]
astroid = ">=3.3.8,<=3.4.0.dev0"
colorama = {version = ">=0.4.5", markers = "sys_platform == \"win32\""}
dill = [
    {version = ">=0.3.7", markers = "python_version >= \"3.12\""},
    {version = ">=0.3.6", markers = "python_version >= \"3.11\" and python_version < \"3.12\""},
]
isort = ">=4.2.5,<5.13 || >5.13,<7"
mccabe = ">=0.6,<0.8"
platformdirs = ">=2.2"
tomlkit = ">=0.10.1"

[package.extras]
spelling = ["pyenchant (>=3.2,<4.0)"]
testutils = ["gitpython (>3)"]

[[package]]
name = "pytest"
version = "8.3.5"
description = "pytest: simple powerful testing with Python"
optional = false
python-versions = ">=3.8"
files = [
    {file = "pytest-8.3.5-py3-none-any.whl", hash = "sha256:c69214aa47deac29fad6c2a4f590b9c4a9fdb16a403176fe154b79c0b4d4d820"},
    {file = "pytest-8.3.5.tar.gz", hash = "sha256:f4efe70cc14e511565ac476b57c279e12a855b11f48f212af1080ef2263d3845"},
]

[package.dependencies]
colorama = {version = "*", markers = "sys_platform == \"win32\""}
iniconfig = "*"
packaging = "*"
pluggy = ">=1.5,<2"

[package.extras]
dev = ["argcomplete", "attrs (>=19.2)", "hypothesis (>=3.56)", "mock", "pygments (>=2.7.2)", "requests", "setuptools", "xmlschema"]

[[package]]
name = "pytest-asyncio"
version = "0.25.3"
description = "Pytest support for asyncio"
optional = false
python-versions = ">=3.9"
files = [
    {file = "pytest_asyncio-0.25.3-py3-none-any.whl", hash = "sha256:9e89518e0f9bd08928f97a3482fdc4e244df17529460bc038291ccaf8f85c7c3"},
    {file = "pytest_asyncio-0.25.3.tar.gz", hash = "sha256:fc1da2cf9f125ada7e710b4ddad05518d4cee187ae9412e9ac9271003497f07a"},
]

[package.dependencies]
pytest = ">=8.2,<9"

[package.extras]
docs = ["sphinx (>=5.3)", "sphinx-rtd-theme (>=1)"]
testing = ["coverage (>=6.2)", "hypothesis (>=5.7.1)"]

[[package]]
name = "pytest-cov"
version = "6.0.0"
description = "Pytest plugin for measuring coverage."
optional = false
python-versions = ">=3.9"
files = [
    {file = "pytest-cov-6.0.0.tar.gz", hash = "sha256:fde0b595ca248bb8e2d76f020b465f3b107c9632e6a1d1705f17834c89dcadc0"},
    {file = "pytest_cov-6.0.0-py3-none-any.whl", hash = "sha256:eee6f1b9e61008bd34975a4d5bab25801eb31898b032dd55addc93e96fcaaa35"},
]

[package.dependencies]
coverage = {version = ">=7.5", extras = ["toml"]}
pytest = ">=4.6"

[package.extras]
testing = ["fields", "hunter", "process-tests", "pytest-xdist", "virtualenv"]

[[package]]
name = "pytest-dotenv"
version = "0.5.2"
description = "A py.test plugin that parses environment files before running tests"
optional = false
python-versions = "*"
files = [
    {file = "pytest-dotenv-0.5.2.tar.gz", hash = "sha256:2dc6c3ac6d8764c71c6d2804e902d0ff810fa19692e95fe138aefc9b1aa73732"},
    {file = "pytest_dotenv-0.5.2-py3-none-any.whl", hash = "sha256:40a2cece120a213898afaa5407673f6bd924b1fa7eafce6bda0e8abffe2f710f"},
]

[package.dependencies]
pytest = ">=5.0.0"
python-dotenv = ">=0.9.1"

[[package]]
name = "python-dotenv"
version = "1.0.1"
description = "Read key-value pairs from a .env file and set them as environment variables"
optional = false
python-versions = ">=3.8"
files = [
    {file = "python-dotenv-1.0.1.tar.gz", hash = "sha256:e324ee90a023d808f1959c46bcbc04446a10ced277783dc6ee09987c37ec10ca"},
    {file = "python_dotenv-1.0.1-py3-none-any.whl", hash = "sha256:f7b63ef50f1b690dddf550d03497b66d609393b40b564ed0d674909a68ebf16a"},
]

[package.extras]
cli = ["click (>=5.0)"]

[[package]]
name = "sniffio"
version = "1.3.1"
description = "Sniff out which async library your code is running under"
optional = false
python-versions = ">=3.7"
files = [
    {file = "sniffio-1.3.1-py3-none-any.whl", hash = "sha256:2f6da418d1f1e0fddd844478f41680e794e6051915791a034ff65e5f100525a2"},
    {file = "sniffio-1.3.1.tar.gz", hash = "sha256:f4324edc670a0f49750a81b895f35c3adb843cca46f0530f79fc1babb23789dc"},
]

[[package]]
name = "tomlkit"
version = "0.13.2"
description = "Style preserving TOML library"
optional = false
python-versions = ">=3.8"
files = [
    {file = "tomlkit-0.13.2-py3-none-any.whl", hash = "sha256:7a974427f6e119197f670fbbbeae7bef749a6c14e793db934baefc1b5f03efde"},
    {file = "tomlkit-0.13.2.tar.gz", hash = "sha256:fff5fe59a87295b278abd31bec92c15d9bc4a06885ab12bcea52c71119392e79"},
]

[[package]]
name = "typing-extensions"
version = "4.12.2"
description = "Backported and Experimental Type Hints for Python 3.8+"
optional = false
python-versions = ">=3.8"
files = [
    {file = "typing_extensions-4.12.2-py3-none-any.whl", hash = "sha256:04e5ca0351e0f3f85c6853954072df659d0d13fac324d0072316b67d7794700d"},
    {file = "typing_extensions-4.12.2.tar.gz", hash = "sha256:1a7ead55c7e559dd4dee8856e3a88b41225abfe1ce8df57b7c13915fe121ffb8"},
]

[[package]]
name = "typing-inspection"
version = "0.4.0"
description = "Runtime typing introspection tools"
optional = false
python-versions = ">=3.9"
files = [
    {file = "typing_inspection-0.4.0-py3-none-any.whl", hash = "sha256:50e72559fcd2a6367a19f7a7e610e6afcb9fac940c650290eed893d61386832f"},
    {file = "typing_inspection-0.4.0.tar.gz", hash = "sha256:9765c87de36671694a67904bf2c96e395be9c6439bb6c87b5142569dcdd65122"},
]

[package.dependencies]
typing-extensions = ">=4.12.0"

[metadata]
lock-version = "2.0"
python-versions = "^3.11"
content-hash = "85c8acad32fb1626445efd2e8d09a9e07d6ec46bfd68a4a1d2027d93a77b6f83"
